github.com/CaiJimmy/hugo-theme-stack/v3 v3.12.0 h1:CKcppy8b4RleKtkYDLaxMyWaQXpNm28u033HO75Dhyw=
github.com/CaiJimmy/hugo-theme-stack/v3 v3.12.0/go.mod h1:IPmCXiIxlFSLFYS0tOmYP6ySLviyeNVSabyvSuaxD+I=
github.com/Mitrichius/hugo-theme-anubis v0.0.0-20220725170731-d4ba47cd2196 h1:TzahMQaJXpezO9D2iQHnifGWPUn+41IWgYNBg/wNtQE=
github.com/Mitrichius/hugo-theme-anubis v0.0.0-20220725170731-d4ba47cd2196/go.mod h1:FKD3NbdsQzL+cXsC3x99XD/t/Rd5EyhDlNBAxQhULbo=
